Microsoft Visual Studio Solution File, Format Version 12.00
# Visual Studio Version 17
VisualStudioVersion = 17.14.36408.4
MinimumVisualStudioVersion = 10.0.40219.1
Project("{9A19103F-16F7-4668-BE54-9A1E7A4F7556}") = "RenamePlayMemoriesImportFolders", "RenamePlayMemoriesImportFolders\RenamePlayMemoriesImportFolders.csproj", "{E57ED8FC-7106-40C0-8FDD-E1C6FBB0960D}"
EndProject
Project("{9A19103F-16F7-4668-BE54-9A1E7A4F7556}") = "RenamePlayMemoriesImportFolders.Tests", "RenamePlayMemoriesImportFolders.Tests\RenamePlayMemoriesImportFolders.Tests.csproj", "{87277257-3AE7-4B31-B701-5AECC263527C}"
EndProject
Global
	GlobalSection(SolutionConfigurationPlatforms) = preSolution
		Debug|Any CPU = Debug|Any CPU
		Release|Any CPU = Release|Any CPU
	EndGlobalSection
	GlobalSection(ProjectConfigurationPlatforms) = postSolution
		{E57ED8FC-7106-40C0-8FDD-E1C6FBB0960D}.Debug|Any CPU.ActiveCfg = Debug|Any CPU
		{E57ED8FC-7106-40C0-8FDD-E1C6FBB0960D}.Debug|Any CPU.Build.0 = Debug|Any CPU
		{E57ED8FC-7106-40C0-8FDD-E1C6FBB0960D}.Release|Any CPU.ActiveCfg = Release|Any CPU
		{E57ED8FC-7106-40C0-8FDD-E1C6FBB0960D}.Release|Any CPU.Build.0 = Release|Any CPU
		{87277257-3AE7-4B31-B701-5AECC263527C}.Debug|Any CPU.ActiveCfg = Debug|Any CPU
		{87277257-3AE7-4B31-B701-5AECC263527C}.Debug|Any CPU.Build.0 = Debug|Any CPU
		{87277257-3AE7-4B31-B701-5AECC263527C}.Release|Any CPU.ActiveCfg = Release|Any CPU
		{87277257-3AE7-4B31-B701-5AECC263527C}.Release|Any CPU.Build.0 = Release|Any CPU
	EndGlobalSection
	GlobalSection(SolutionProperties) = preSolution
		HideSolutionNode = FALSE
	EndGlobalSection
	GlobalSection(ExtensibilityGlobals) = postSolution
		SolutionGuid = {EC84C47A-1F01-4B5E-8BB2-B0FC3437A38A}
	EndGlobalSection
EndGlobal
